
Microsoft Visual Studio Solution File, Format Version 12.00
# Visual Studio Version 17
VisualStudioVersion = 17.2.32519.379
MinimumVisualStudioVersion = 10.0.40219.1
Project("{FAE04EC0-301F-11D3-BF4B-00C04F79EFBC}") = "MagicVilla_API", "MagicVilla_API\MagicVilla_API.csproj", "{19538739-C3BD-4A22-BDCE-19A37C0D3952}"
EndProject
Global
	GlobalSection(SolutionConfigurationPlatforms) = preSolution
		Debug|Any CPU = Debug|Any CPU
		Release|Any CPU = Release|Any CPU
	EndGlobalSection
	GlobalSection(ProjectConfigurationPlatforms) = postSolution
		{19538739-C3BD-4A22-BDCE-19A37C0D3952}.Debug|Any CPU.ActiveCfg = Debug|Any CPU
		{19538739-C3BD-4A22-BDCE-19A37C0D3952}.Debug|Any CPU.Build.0 = Debug|Any CPU
		{19538739-C3BD-4A22-BDCE-19A37C0D3952}.Release|Any CPU.ActiveCfg = Release|Any CPU
		{19538739-C3BD-4A22-BDCE-19A37C0D3952}.Release|Any CPU.Build.0 = Release|Any CPU
	EndGlobalSection
	GlobalSection(SolutionProperties) = preSolution
		HideSolutionNode = FALSE
	EndGlobalSection
	GlobalSection(ExtensibilityGlobals) = postSolution
		SolutionGuid = {F80FE2ED-DBC8-4032-8BD8-F4E9EF033756}
	EndGlobalSection
EndGlobal
